
Microsoft Visual Studio Solution File, Format Version 12.00
# Visual Studio Version 17
VisualStudioVersion = 17.1.32228.430
MinimumVisualStudioVersion = 10.0.40219.1
Project("{9A19103F-16F7-4668-BE54-9A1E7A4F7556}") = "MicrosoftTest", "MicrosoftTest.csproj", "{D6B418E8-7193-47D3-B0B7-9A43FF6C0361}"
EndProject
Project("{FAE04EC0-301F-11D3-BF4B-00C04F79EFBC}") = "TestProject", "..\TestProject\TestProject.csproj", "{800D002E-22FC-425B-A31D-F9FC078D28EC}"
EndProject
Global
	GlobalSection(SolutionConfigurationPlatforms) = preSolution
		Debug|Any CPU = Debug|Any CPU
		Release|Any CPU = Release|Any CPU
	EndGlobalSection
	GlobalSection(ProjectConfigurationPlatforms) = postSolution
		{D6B418E8-7193-47D3-B0B7-9A43FF6C0361}.Debug|Any CPU.ActiveCfg = Debug|Any CPU
		{D6B418E8-7193-47D3-B0B7-9A43FF6C0361}.Debug|Any CPU.Build.0 = Debug|Any CPU
		{D6B418E8-7193-47D3-B0B7-9A43FF6C0361}.Release|Any CPU.ActiveCfg = Release|Any CPU
		{D6B418E8-7193-47D3-B0B7-9A43FF6C0361}.Release|Any CPU.Build.0 = Release|Any CPU
		{800D002E-22FC-425B-A31D-F9FC078D28EC}.Debug|Any CPU.ActiveCfg = Debug|Any CPU
		{800D002E-22FC-425B-A31D-F9FC078D28EC}.Debug|Any CPU.Build.0 = Debug|Any CPU
		{800D002E-22FC-425B-A31D-F9FC078D28EC}.Release|Any CPU.ActiveCfg = Release|Any CPU
		{800D002E-22FC-425B-A31D-F9FC078D28EC}.Release|Any CPU.Build.0 = Release|Any CPU
	EndGlobalSection
	GlobalSection(SolutionProperties) = preSolution
		HideSolutionNode = FALSE
	EndGlobalSection
	GlobalSection(ExtensibilityGlobals) = postSolution
		SolutionGuid = {C84B9545-147E-495E-B01B-C8A168E60A7B}
	EndGlobalSection
EndGlobal
